
Microsoft Visual Studio Solution File, Format Version 12.00
# Visual Studio Version 17
VisualStudioVersion = 17.4.33205.214
MinimumVisualStudioVersion = 10.0.40219.1
Project("{FAE04EC0-301F-11D3-BF4B-00C04F79EFBC}") = "GamersParadise", "GamersParadise\GamersParadise.csproj", "{9D346287-8B9B-4D66-B863-E1A33431FDDB}"
EndProject
Project("{FAE04EC0-301F-11D3-BF4B-00C04F79EFBC}") = "Models", "Models\Models.csproj", "{692D5ED9-B240-4B82-A3D7-801925361777}"
EndProject
Project("{2150E333-8FDC-42A3-9474-1A3956D46DE8}") = "Solution Items", "Solution Items", "{98E25165-072B-4E4B-A7C7-8CA2A31AFA20}"
	ProjectSection(SolutionItems) = preProject
		SqlQuery_1.sql = SqlQuery_1.sql
	EndProjectSection
EndProject
Global
	GlobalSection(SolutionConfigurationPlatforms) = preSolution
		Debug|Any CPU = Debug|Any CPU
		Release|Any CPU = Release|Any CPU
	EndGlobalSection
	GlobalSection(ProjectConfigurationPlatforms) = postSolution
		{9D346287-8B9B-4D66-B863-E1A33431FDDB}.Debug|Any CPU.ActiveCfg = Debug|Any CPU
		{9D346287-8B9B-4D66-B863-E1A33431FDDB}.Debug|Any CPU.Build.0 = Debug|Any CPU
		{9D346287-8B9B-4D66-B863-E1A33431FDDB}.Release|Any CPU.ActiveCfg = Release|Any CPU
		{9D346287-8B9B-4D66-B863-E1A33431FDDB}.Release|Any CPU.Build.0 = Release|Any CPU
		{692D5ED9-B240-4B82-A3D7-801925361777}.Debug|Any CPU.ActiveCfg = Debug|Any CPU
		{692D5ED9-B240-4B82-A3D7-801925361777}.Debug|Any CPU.Build.0 = Debug|Any CPU
		{692D5ED9-B240-4B82-A3D7-801925361777}.Release|Any CPU.ActiveCfg = Release|Any CPU
		{692D5ED9-B240-4B82-A3D7-801925361777}.Release|Any CPU.Build.0 = Release|Any CPU
	EndGlobalSection
	GlobalSection(SolutionProperties) = preSolution
		HideSolutionNode = FALSE
	EndGlobalSection
	GlobalSection(ExtensibilityGlobals) = postSolution
		SolutionGuid = {24F7A160-28D3-4364-A71A-B1C717E77DC8}
	EndGlobalSection
EndGlobal
